// !$*UTF8*$!
{
	archiveVersion = 1;
	classes = {
	};
	objectVersion = 56;
	objects = {

/* Begin PBXBuildFile section */
		36012F102A55A9F4006B8A39 /* AppDelegate.swift in Sources */ = {isa = PBXBuildFile; fileRef = 36012F0F2A55A9F4006B8A39 /* AppDelegate.swift */; };
		36012F122A55A9F4006B8A39 /* SceneDelegate.swift in Sources */ = {isa = PBXBuildFile; fileRef = 36012F112A55A9F4006B8A39 /* SceneDelegate.swift */; };
		36012F192A55A9F6006B8A39 /* Assets.xcassets in Resources */ = {isa = PBXBuildFile; fileRef = 36012F182A55A9F6006B8A39 /* Assets.xcassets */; };
		36012F1C2A55A9F6006B8A39 /* LaunchScreen.storyboard in Resources */ = {isa = PBXBuildFile; fileRef = 36012F1A2A55A9F6006B8A39 /* LaunchScreen.storyboard */; };
		36012F322A55AF16006B8A39 /* HomeViewController.swift in Sources */ = {isa = PBXBuildFile; fileRef = 36012F312A55AF16006B8A39 /* HomeViewController.swift */; };
		36012F342A55AF4D006B8A39 /* HomeView.swift in Sources */ = {isa = PBXBuildFile; fileRef = 36012F332A55AF4D006B8A39 /* HomeView.swift */; };
		36012F382A55B18B006B8A39 /* BaseViewController.swift in Sources */ = {isa = PBXBuildFile; fileRef = 36012F372A55B18B006B8A39 /* BaseViewController.swift */; };
		36012F3B2A55B60F006B8A39 /* AuthRepository.swift in Sources */ = {isa = PBXBuildFile; fileRef = 36012F3A2A55B60F006B8A39 /* AuthRepository.swift */; };
		36012F3E2A55B64C006B8A39 /* HomeDataModel.swift in Sources */ = {isa = PBXBuildFile; fileRef = 36012F3D2A55B64C006B8A39 /* HomeDataModel.swift */; };
		36012F452A55CDAA006B8A39 /* CGPoint+.swift in Sources */ = {isa = PBXBuildFile; fileRef = 36012F442A55CDAA006B8A39 /* CGPoint+.swift */; };
		36012F472A55CDEE006B8A39 /* Date+.swift in Sources */ = {isa = PBXBuildFile; fileRef = 36012F462A55CDEE006B8A39 /* Date+.swift */; };
		36012F492A55CE5D006B8A39 /* NSObject+.swift in Sources */ = {isa = PBXBuildFile; fileRef = 36012F482A55CE5D006B8A39 /* NSObject+.swift */; };
		36012F4B2A55CE87006B8A39 /* String+.swift in Sources */ = {isa = PBXBuildFile; fileRef = 36012F4A2A55CE87006B8A39 /* String+.swift */; };
		36012F4D2A55CEF4006B8A39 /* UIButton+.swift in Sources */ = {isa = PBXBuildFile; fileRef = 36012F4C2A55CEF4006B8A39 /* UIButton+.swift */; };
		36012F4F2A55CF18006B8A39 /* UIStackView+.swift in Sources */ = {isa = PBXBuildFile; fileRef = 36012F4E2A55CF18006B8A39 /* UIStackView+.swift */; };
		36012F512A55CF2D006B8A39 /* UIView+.swift in Sources */ = {isa = PBXBuildFile; fileRef = 36012F502A55CF2D006B8A39 /* UIView+.swift */; };
		36012F532A55CFAF006B8A39 /* UIViewController+.swift in Sources */ = {isa = PBXBuildFile; fileRef = 36012F522A55CFAF006B8A39 /* UIViewController+.swift */; };
		36012F562A55D06C006B8A39 /* SnapKit in Frameworks */ = {isa = PBXBuildFile; productRef = 36012F552A55D06C006B8A39 /* SnapKit */; };
		36012F592A55D07D006B8A39 /* Then in Frameworks */ = {isa = PBXBuildFile; productRef = 36012F582A55D07D006B8A39 /* Then */; };
		36012F5C2A55D08E006B8A39 /* Alamofire in Frameworks */ = {isa = PBXBuildFile; productRef = 36012F5B2A55D08E006B8A39 /* Alamofire */; };
		36012F5F2A55D0A0006B8A39 /* Kingfisher in Frameworks */ = {isa = PBXBuildFile; productRef = 36012F5E2A55D0A0006B8A39 /* Kingfisher */; };
		36012F622A55D0F4006B8A39 /* Sentry in Frameworks */ = {isa = PBXBuildFile; productRef = 36012F612A55D0F4006B8A39 /* Sentry */; };
		36012F652A55D155006B8A39 /* KakaoSDK in Frameworks */ = {isa = PBXBuildFile; productRef = 36012F642A55D155006B8A39 /* KakaoSDK */; };
		361FA3252A6012A600C3BBFD /* SDSKit in Frameworks */ = {isa = PBXBuildFile; productRef = 361FA3242A6012A600C3BBFD /* SDSKit */; };
		361FA3282A60193B00C3BBFD /* HomeRepository.swift in Sources */ = {isa = PBXBuildFile; fileRef = 361FA3272A60193B00C3BBFD /* HomeRepository.swift */; };
		361FA32B2A601A4100C3BBFD /* Config.swift in Sources */ = {isa = PBXBuildFile; fileRef = 361FA32A2A601A4100C3BBFD /* Config.swift */; };
		361FA32E2A601D1B00C3BBFD /* NetworkResult.swift in Sources */ = {isa = PBXBuildFile; fileRef = 361FA32D2A601D1B00C3BBFD /* NetworkResult.swift */; };
		361FA3302A601D2E00C3BBFD /* GetService.swift in Sources */ = {isa = PBXBuildFile; fileRef = 361FA32F2A601D2E00C3BBFD /* GetService.swift */; };
		361FA3322A601E7900C3BBFD /* PostService.swift in Sources */ = {isa = PBXBuildFile; fileRef = 361FA3312A601E7900C3BBFD /* PostService.swift */; };
		361FA3342A601EAA00C3BBFD /* PatchService.swift in Sources */ = {isa = PBXBuildFile; fileRef = 361FA3332A601EAA00C3BBFD /* PatchService.swift */; };
		361FA3382A60223200C3BBFD /* HeaderUtils.swift in Sources */ = {isa = PBXBuildFile; fileRef = 361FA3372A60223200C3BBFD /* HeaderUtils.swift */; };
		361FA33D2A6025E100C3BBFD /* Couple.swift in Sources */ = {isa = PBXBuildFile; fileRef = 361FA33C2A6025E100C3BBFD /* Couple.swift */; };
		361FA33F2A60261000C3BBFD /* ShortGame.swift in Sources */ = {isa = PBXBuildFile; fileRef = 361FA33E2A60261000C3BBFD /* ShortGame.swift */; };
		361FA3422A6027B400C3BBFD /* WishCouponList.swift in Sources */ = {isa = PBXBuildFile; fileRef = 361FA3412A6027B400C3BBFD /* WishCouponList.swift */; };
		361FA3442A6029E400C3BBFD /* WishCoupon.swift in Sources */ = {isa = PBXBuildFile; fileRef = 361FA3432A6029E400C3BBFD /* WishCoupon.swift */; };
		361FA3462A602A2800C3BBFD /* MissionContentList.swift in Sources */ = {isa = PBXBuildFile; fileRef = 361FA3452A602A2800C3BBFD /* MissionContentList.swift */; };
		361FA3482A602A5C00C3BBFD /* RoundMission.swift in Sources */ = {isa = PBXBuildFile; fileRef = 361FA3472A602A5C00C3BBFD /* RoundMission.swift */; };
		361FA34A2A602AC000C3BBFD /* MissionContent.swift in Sources */ = {isa = PBXBuildFile; fileRef = 361FA3492A602AC000C3BBFD /* MissionContent.swift */; };
		361FA34C2A602ADD00C3BBFD /* MissionCategory.swift in Sources */ = {isa = PBXBuildFile; fileRef = 361FA34B2A602ADD00C3BBFD /* MissionCategory.swift */; };
		361FA34E2A602B5400C3BBFD /* MyRoundMission.swift in Sources */ = {isa = PBXBuildFile; fileRef = 361FA34D2A602B5400C3BBFD /* MyRoundMission.swift */; };
		361FA3502A602BF100C3BBFD /* UserGameHistoryList.swift in Sources */ = {isa = PBXBuildFile; fileRef = 361FA34F2A602BF100C3BBFD /* UserGameHistoryList.swift */; };
		361FA3522A602C0900C3BBFD /* Game.swift in Sources */ = {isa = PBXBuildFile; fileRef = 361FA3512A602C0900C3BBFD /* Game.swift */; };
		361FA3542A602C1C00C3BBFD /* RoundGameList.swift in Sources */ = {isa = PBXBuildFile; fileRef = 361FA3532A602C1C00C3BBFD /* RoundGameList.swift */; };
		7E25F64E2A6330C6003E82F6 /* WishCouponViewController.swift in Sources */ = {isa = PBXBuildFile; fileRef = 7E25F64D2A6330C6003E82F6 /* WishCouponViewController.swift */; };
		7E25F6502A6330EB003E82F6 /* WishCouponView.swift in Sources */ = {isa = PBXBuildFile; fileRef = 7E25F64F2A6330EB003E82F6 /* WishCouponView.swift */; };
		7E25F6522A6339E8003E82F6 /* Config.xcconfig in Resources */ = {isa = PBXBuildFile; fileRef = 7E25F6512A6339E8003E82F6 /* Config.xcconfig */; };
		7E25F6542A633ACA003E82F6 /* WishCouponCountView.swift in Sources */ = {isa = PBXBuildFile; fileRef = 7E25F6532A633ACA003E82F6 /* WishCouponCountView.swift */; };
		A54CD62E2A5C326E00C434B7 /* OnboardingView.swift in Sources */ = {isa = PBXBuildFile; fileRef = A54CD62D2A5C326E00C434B7 /* OnboardingView.swift */; };
		A54CD6312A5C328500C434B7 /* OnboardingViewController.swift in Sources */ = {isa = PBXBuildFile; fileRef = A54CD6302A5C328500C434B7 /* OnboardingViewController.swift */; };
		A54CD6342A5C347100C434B7 /* OnboardingCell.swift in Sources */ = {isa = PBXBuildFile; fileRef = A54CD6332A5C347100C434B7 /* OnboardingCell.swift */; };
		A58C70352A627CC000327CD3 /* OnboardingDataModel.swift in Sources */ = {isa = PBXBuildFile; fileRef = A58C70342A627CC000327CD3 /* OnboardingDataModel.swift */; };
/* End PBXBuildFile section */

/* Begin PBXFileReference section */
		36012F0C2A55A9F4006B8A39 /* Uni.app */ = {isa = PBXFileReference; explicitFileType = wrapper.application; includeInIndex = 0; path = Uni.app; sourceTree = BUILT_PRODUCTS_DIR; };
		36012F0F2A55A9F4006B8A39 /* AppDelegate.swift */ = {isa = PBXFileReference; lastKnownFileType = sourcecode.swift; path = AppDelegate.swift; sourceTree = "<group>"; };
		36012F112A55A9F4006B8A39 /* SceneDelegate.swift */ = {isa = PBXFileReference; lastKnownFileType = sourcecode.swift; path = SceneDelegate.swift; sourceTree = "<group>"; };
		36012F182A55A9F6006B8A39 /* Assets.xcassets */ = {isa = PBXFileReference; lastKnownFileType = folder.assetcatalog; path = Assets.xcassets; sourceTree = "<group>"; };
		36012F1B2A55A9F6006B8A39 /* Base */ = {isa = PBXFileReference; lastKnownFileType = file.storyboard; name = Base; path = Base.lproj/LaunchScreen.storyboard; sourceTree = "<group>"; };
		36012F1D2A55A9F6006B8A39 /* Info.plist */ = {isa = PBXFileReference; lastKnownFileType = text.plist.xml; path = Info.plist; sourceTree = "<group>"; };
		36012F312A55AF16006B8A39 /* HomeViewController.swift */ = {isa = PBXFileReference; lastKnownFileType = sourcecode.swift; path = HomeViewController.swift; sourceTree = "<group>"; };
		36012F332A55AF4D006B8A39 /* HomeView.swift */ = {isa = PBXFileReference; lastKnownFileType = sourcecode.swift; path = HomeView.swift; sourceTree = "<group>"; };
		36012F372A55B18B006B8A39 /* BaseViewController.swift */ = {isa = PBXFileReference; lastKnownFileType = sourcecode.swift; path = BaseViewController.swift; sourceTree = "<group>"; };
		36012F3A2A55B60F006B8A39 /* AuthRepository.swift */ = {isa = PBXFileReference; lastKnownFileType = sourcecode.swift; path = AuthRepository.swift; sourceTree = "<group>"; };
		36012F3D2A55B64C006B8A39 /* HomeDataModel.swift */ = {isa = PBXFileReference; lastKnownFileType = sourcecode.swift; path = HomeDataModel.swift; sourceTree = "<group>"; };
		36012F442A55CDAA006B8A39 /* CGPoint+.swift */ = {isa = PBXFileReference; lastKnownFileType = sourcecode.swift; path = "CGPoint+.swift"; sourceTree = "<group>"; };
		36012F462A55CDEE006B8A39 /* Date+.swift */ = {isa = PBXFileReference; lastKnownFileType = sourcecode.swift; path = "Date+.swift"; sourceTree = "<group>"; };
		36012F482A55CE5D006B8A39 /* NSObject+.swift */ = {isa = PBXFileReference; lastKnownFileType = sourcecode.swift; path = "NSObject+.swift"; sourceTree = "<group>"; };
		36012F4A2A55CE87006B8A39 /* String+.swift */ = {isa = PBXFileReference; lastKnownFileType = sourcecode.swift; path = "String+.swift"; sourceTree = "<group>"; };
		36012F4C2A55CEF4006B8A39 /* UIButton+.swift */ = {isa = PBXFileReference; lastKnownFileType = sourcecode.swift; path = "UIButton+.swift"; sourceTree = "<group>"; };
		36012F4E2A55CF18006B8A39 /* UIStackView+.swift */ = {isa = PBXFileReference; lastKnownFileType = sourcecode.swift; path = "UIStackView+.swift"; sourceTree = "<group>"; };
		36012F502A55CF2D006B8A39 /* UIView+.swift */ = {isa = PBXFileReference; lastKnownFileType = sourcecode.swift; path = "UIView+.swift"; sourceTree = "<group>"; };
		36012F522A55CFAF006B8A39 /* UIViewController+.swift */ = {isa = PBXFileReference; lastKnownFileType = sourcecode.swift; path = "UIViewController+.swift"; sourceTree = "<group>"; };
		361FA3272A60193B00C3BBFD /* HomeRepository.swift */ = {isa = PBXFileReference; lastKnownFileType = sourcecode.swift; path = HomeRepository.swift; sourceTree = "<group>"; };
		361FA32A2A601A4100C3BBFD /* Config.swift */ = {isa = PBXFileReference; lastKnownFileType = sourcecode.swift; path = Config.swift; sourceTree = "<group>"; };
		361FA32D2A601D1B00C3BBFD /* NetworkResult.swift */ = {isa = PBXFileReference; lastKnownFileType = sourcecode.swift; path = NetworkResult.swift; sourceTree = "<group>"; };
		361FA32F2A601D2E00C3BBFD /* GetService.swift */ = {isa = PBXFileReference; lastKnownFileType = sourcecode.swift; path = GetService.swift; sourceTree = "<group>"; };
		361FA3312A601E7900C3BBFD /* PostService.swift */ = {isa = PBXFileReference; lastKnownFileType = sourcecode.swift; path = PostService.swift; sourceTree = "<group>"; };
		361FA3332A601EAA00C3BBFD /* PatchService.swift */ = {isa = PBXFileReference; lastKnownFileType = sourcecode.swift; path = PatchService.swift; sourceTree = "<group>"; };
		361FA3372A60223200C3BBFD /* HeaderUtils.swift */ = {isa = PBXFileReference; lastKnownFileType = sourcecode.swift; path = HeaderUtils.swift; sourceTree = "<group>"; };
		361FA33C2A6025E100C3BBFD /* Couple.swift */ = {isa = PBXFileReference; lastKnownFileType = sourcecode.swift; path = Couple.swift; sourceTree = "<group>"; };
		361FA33E2A60261000C3BBFD /* ShortGame.swift */ = {isa = PBXFileReference; lastKnownFileType = sourcecode.swift; path = ShortGame.swift; sourceTree = "<group>"; };
		361FA3412A6027B400C3BBFD /* WishCouponList.swift */ = {isa = PBXFileReference; lastKnownFileType = sourcecode.swift; path = WishCouponList.swift; sourceTree = "<group>"; };
		361FA3432A6029E400C3BBFD /* WishCoupon.swift */ = {isa = PBXFileReference; lastKnownFileType = sourcecode.swift; path = WishCoupon.swift; sourceTree = "<group>"; };
		361FA3452A602A2800C3BBFD /* MissionContentList.swift */ = {isa = PBXFileReference; lastKnownFileType = sourcecode.swift; path = MissionContentList.swift; sourceTree = "<group>"; };
		361FA3472A602A5C00C3BBFD /* RoundMission.swift */ = {isa = PBXFileReference; lastKnownFileType = sourcecode.swift; path = RoundMission.swift; sourceTree = "<group>"; };
		361FA3492A602AC000C3BBFD /* MissionContent.swift */ = {isa = PBXFileReference; lastKnownFileType = sourcecode.swift; path = MissionContent.swift; sourceTree = "<group>"; };
		361FA34B2A602ADD00C3BBFD /* MissionCategory.swift */ = {isa = PBXFileReference; lastKnownFileType = sourcecode.swift; path = MissionCategory.swift; sourceTree = "<group>"; };
		361FA34D2A602B5400C3BBFD /* MyRoundMission.swift */ = {isa = PBXFileReference; lastKnownFileType = sourcecode.swift; path = MyRoundMission.swift; sourceTree = "<group>"; };
		361FA34F2A602BF100C3BBFD /* UserGameHistoryList.swift */ = {isa = PBXFileReference; lastKnownFileType = sourcecode.swift; path = UserGameHistoryList.swift; sourceTree = "<group>"; };
		361FA3512A602C0900C3BBFD /* Game.swift */ = {isa = PBXFileReference; lastKnownFileType = sourcecode.swift; path = Game.swift; sourceTree = "<group>"; };
		361FA3532A602C1C00C3BBFD /* RoundGameList.swift */ = {isa = PBXFileReference; lastKnownFileType = sourcecode.swift; path = RoundGameList.swift; sourceTree = "<group>"; };
		7E25F64D2A6330C6003E82F6 /* WishCouponViewController.swift */ = {isa = PBXFileReference; lastKnownFileType = sourcecode.swift; path = WishCouponViewController.swift; sourceTree = "<group>"; };
		7E25F64F2A6330EB003E82F6 /* WishCouponView.swift */ = {isa = PBXFileReference; lastKnownFileType = sourcecode.swift; path = WishCouponView.swift; sourceTree = "<group>"; };
		7E25F6512A6339E8003E82F6 /* Config.xcconfig */ = {isa = PBXFileReference; lastKnownFileType = text.xcconfig; path = Config.xcconfig; sourceTree = "<group>"; };
		7E25F6532A633ACA003E82F6 /* WishCouponCountView.swift */ = {isa = PBXFileReference; lastKnownFileType = sourcecode.swift; path = WishCouponCountView.swift; sourceTree = "<group>"; };
		A54CD62D2A5C326E00C434B7 /* OnboardingView.swift */ = {isa = PBXFileReference; lastKnownFileType = sourcecode.swift; path = OnboardingView.swift; sourceTree = "<group>"; };
		A54CD6302A5C328500C434B7 /* OnboardingViewController.swift */ = {isa = PBXFileReference; lastKnownFileType = sourcecode.swift; path = OnboardingViewController.swift; sourceTree = "<group>"; };
		A54CD6332A5C347100C434B7 /* OnboardingCell.swift */ = {isa = PBXFileReference; lastKnownFileType = sourcecode.swift; path = OnboardingCell.swift; sourceTree = "<group>"; };
		A58C70342A627CC000327CD3 /* OnboardingDataModel.swift */ = {isa = PBXFileReference; lastKnownFileType = sourcecode.swift; path = OnboardingDataModel.swift; sourceTree = "<group>"; };
/* End PBXFileReference section */

/* Begin PBXFrameworksBuildPhase section */
		36012F092A55A9F4006B8A39 /* Frameworks */ = {
			isa = PBXFrameworksBuildPhase;
			buildActionMask = 2147483647;
			files = (
				36012F622A55D0F4006B8A39 /* Sentry in Frameworks */,
				36012F5F2A55D0A0006B8A39 /* Kingfisher in Frameworks */,
				36012F5C2A55D08E006B8A39 /* Alamofire in Frameworks */,
				361FA3252A6012A600C3BBFD /* SDSKit in Frameworks */,
				36012F562A55D06C006B8A39 /* SnapKit in Frameworks */,
				36012F592A55D07D006B8A39 /* Then in Frameworks */,
				36012F652A55D155006B8A39 /* KakaoSDK in Frameworks */,
			);
			runOnlyForDeploymentPostprocessing = 0;
		};
/* End PBXFrameworksBuildPhase section */

/* Begin PBXGroup section */
		36012F032A55A9F4006B8A39 = {
			isa = PBXGroup;
			children = (
				36012F0E2A55A9F4006B8A39 /* Uni */,
				36012F0D2A55A9F4006B8A39 /* Products */,
			);
			sourceTree = "<group>";
		};
		36012F0D2A55A9F4006B8A39 /* Products */ = {
			isa = PBXGroup;
			children = (
				36012F0C2A55A9F4006B8A39 /* Uni.app */,
			);
			name = Products;
			sourceTree = "<group>";
		};
		36012F0E2A55A9F4006B8A39 /* Uni */ = {
			isa = PBXGroup;
			children = (
				36012F232A55AD0D006B8A39 /* Source */,
				36012F242A55AD11006B8A39 /* Resource */,
			);
			path = Uni;
			sourceTree = "<group>";
		};
		36012F232A55AD0D006B8A39 /* Source */ = {
			isa = PBXGroup;
			children = (
				36012F2A2A55AE63006B8A39 /* Extension */,
				36012F292A55AE5E006B8A39 /* Models */,
				36012F282A55AE4A006B8A39 /* Repository */,
				36012F272A55AE44006B8A39 /* Global */,
				36012F262A55AE3F006B8A39 /* Scene */,
				36012F252A55AE35006B8A39 /* Supports */,
			);
			path = Source;
			sourceTree = "<group>";
		};
		36012F242A55AD11006B8A39 /* Resource */ = {
			isa = PBXGroup;
			children = (
				36012F182A55A9F6006B8A39 /* Assets.xcassets */,
				36012F1A2A55A9F6006B8A39 /* LaunchScreen.storyboard */,
				36012F1D2A55A9F6006B8A39 /* Info.plist */,
			);
			path = Resource;
			sourceTree = "<group>";
		};
		36012F252A55AE35006B8A39 /* Supports */ = {
			isa = PBXGroup;
			children = (
				36012F0F2A55A9F4006B8A39 /* AppDelegate.swift */,
				36012F112A55A9F4006B8A39 /* SceneDelegate.swift */,
				7E25F6512A6339E8003E82F6 /* Config.xcconfig */,
			);
			path = Supports;
			sourceTree = "<group>";
		};
		36012F262A55AE3F006B8A39 /* Scene */ = {
			isa = PBXGroup;
			children = (
				7E25F6482A632E7B003E82F6 /* WishCoupon */,
				A54CD62B2A5C322600C434B7 /* Onboarding */,
				36012F2B2A55AE8D006B8A39 /* Home */,
			);
			path = Scene;
			sourceTree = "<group>";
		};
		36012F272A55AE44006B8A39 /* Global */ = {
			isa = PBXGroup;
			children = (
				36012F362A55B17E006B8A39 /* Base */,
			);
			path = Global;
			sourceTree = "<group>";
		};
		36012F282A55AE4A006B8A39 /* Repository */ = {
			isa = PBXGroup;
			children = (
				361FA32C2A601C6500C3BBFD /* Base */,
				361FA3262A60192B00C3BBFD /* HomeRepository */,
				36012F392A55B5FD006B8A39 /* AuthRepository */,
			);
			path = Repository;
			sourceTree = "<group>";
		};
		36012F292A55AE5E006B8A39 /* Models */ = {
			isa = PBXGroup;
			children = (
				36012F3F2A55B650006B8A39 /* Entity */,
				36012F3C2A55B61E006B8A39 /* DataModel */,
			);
			path = Models;
			sourceTree = "<group>";
		};
		36012F2A2A55AE63006B8A39 /* Extension */ = {
			isa = PBXGroup;
			children = (
				36012F442A55CDAA006B8A39 /* CGPoint+.swift */,
				36012F462A55CDEE006B8A39 /* Date+.swift */,
				36012F482A55CE5D006B8A39 /* NSObject+.swift */,
				36012F4A2A55CE87006B8A39 /* String+.swift */,
				36012F4C2A55CEF4006B8A39 /* UIButton+.swift */,
				36012F4E2A55CF18006B8A39 /* UIStackView+.swift */,
				36012F502A55CF2D006B8A39 /* UIView+.swift */,
				36012F522A55CFAF006B8A39 /* UIViewController+.swift */,
			);
			path = Extension;
			sourceTree = "<group>";
		};
		36012F2B2A55AE8D006B8A39 /* Home */ = {
			isa = PBXGroup;
			children = (
				36012F302A55AEAD006B8A39 /* Components */,
				36012F2E2A55AE9F006B8A39 /* Cells */,
				36012F2D2A55AE9B006B8A39 /* View */,
				36012F2C2A55AE91006B8A39 /* ViewController */,
			);
			path = Home;
			sourceTree = "<group>";
		};
		36012F2C2A55AE91006B8A39 /* ViewController */ = {
			isa = PBXGroup;
			children = (
				36012F312A55AF16006B8A39 /* HomeViewController.swift */,
			);
			name = ViewController;
			sourceTree = "<group>";
		};
		36012F2D2A55AE9B006B8A39 /* View */ = {
			isa = PBXGroup;
			children = (
				36012F332A55AF4D006B8A39 /* HomeView.swift */,
			);
			name = View;
			sourceTree = "<group>";
		};
		36012F2E2A55AE9F006B8A39 /* Cells */ = {
			isa = PBXGroup;
			children = (
			);
			name = Cells;
			sourceTree = "<group>";
		};
		36012F302A55AEAD006B8A39 /* Components */ = {
			isa = PBXGroup;
			children = (
			);
			name = Components;
			sourceTree = "<group>";
		};
		36012F362A55B17E006B8A39 /* Base */ = {
			isa = PBXGroup;
			children = (
				36012F372A55B18B006B8A39 /* BaseViewController.swift */,
			);
			path = Base;
			sourceTree = "<group>";
		};
		36012F392A55B5FD006B8A39 /* AuthRepository */ = {
			isa = PBXGroup;
			children = (
				36012F3A2A55B60F006B8A39 /* AuthRepository.swift */,
			);
			path = AuthRepository;
			sourceTree = "<group>";
		};
		36012F3C2A55B61E006B8A39 /* DataModel */ = {
			isa = PBXGroup;
			children = (
				36012F432A55B672006B8A39 /* Home */,
				A58C70332A627CA900327CD3 /* Onboarding */,
			);
			path = DataModel;
			sourceTree = "<group>";
		};
		36012F3F2A55B650006B8A39 /* Entity */ = {
			isa = PBXGroup;
			children = (
				361FA33C2A6025E100C3BBFD /* Couple.swift */,
				361FA33E2A60261000C3BBFD /* ShortGame.swift */,
				361FA3412A6027B400C3BBFD /* WishCouponList.swift */,
				361FA3432A6029E400C3BBFD /* WishCoupon.swift */,
				361FA3452A602A2800C3BBFD /* MissionContentList.swift */,
				361FA3472A602A5C00C3BBFD /* RoundMission.swift */,
				361FA3492A602AC000C3BBFD /* MissionContent.swift */,
				361FA34B2A602ADD00C3BBFD /* MissionCategory.swift */,
				361FA34D2A602B5400C3BBFD /* MyRoundMission.swift */,
				361FA34F2A602BF100C3BBFD /* UserGameHistoryList.swift */,
				361FA3512A602C0900C3BBFD /* Game.swift */,
				361FA3532A602C1C00C3BBFD /* RoundGameList.swift */,
			);
			path = Entity;
			sourceTree = "<group>";
		};
		36012F432A55B672006B8A39 /* Home */ = {
			isa = PBXGroup;
			children = (
				36012F3D2A55B64C006B8A39 /* HomeDataModel.swift */,
			);
			path = Home;
			sourceTree = "<group>";
		};
		361FA3262A60192B00C3BBFD /* HomeRepository */ = {
			isa = PBXGroup;
			children = (
				361FA3272A60193B00C3BBFD /* HomeRepository.swift */,
			);
			path = HomeRepository;
			sourceTree = "<group>";
		};
		361FA32C2A601C6500C3BBFD /* Base */ = {
			isa = PBXGroup;
			children = (
				361FA32A2A601A4100C3BBFD /* Config.swift */,
				361FA32D2A601D1B00C3BBFD /* NetworkResult.swift */,
				361FA32F2A601D2E00C3BBFD /* GetService.swift */,
				361FA3312A601E7900C3BBFD /* PostService.swift */,
				361FA3332A601EAA00C3BBFD /* PatchService.swift */,
				361FA3372A60223200C3BBFD /* HeaderUtils.swift */,
			);
			path = Base;
			sourceTree = "<group>";
		};
		7E25F6482A632E7B003E82F6 /* WishCoupon */ = {
			isa = PBXGroup;
			children = (
				7E25F64C2A6330B1003E82F6 /* View */,
				7E25F64B2A6330A2003E82F6 /* ViewController */,
			);
			path = WishCoupon;
			sourceTree = "<group>";
		};
		7E25F64B2A6330A2003E82F6 /* ViewController */ = {
			isa = PBXGroup;
			children = (
				7E25F64D2A6330C6003E82F6 /* WishCouponViewController.swift */,
			);
			path = ViewController;
			sourceTree = "<group>";
		};
		7E25F64C2A6330B1003E82F6 /* View */ = {
			isa = PBXGroup;
			children = (
				7E25F64F2A6330EB003E82F6 /* WishCouponView.swift */,
				7E25F6532A633ACA003E82F6 /* WishCouponCountView.swift */,
			);
			path = View;
			sourceTree = "<group>";
		};
		A54CD62B2A5C322600C434B7 /* Onboarding */ = {
			isa = PBXGroup;
			children = (
				A54CD6322A5C346500C434B7 /* Cells */,
				A54CD62C2A5C326300C434B7 /* View */,
				A54CD62F2A5C327200C434B7 /* ViewController */,
			);
			path = Onboarding;
			sourceTree = "<group>";
		};
		A54CD62C2A5C326300C434B7 /* View */ = {
			isa = PBXGroup;
			children = (
				A54CD62D2A5C326E00C434B7 /* OnboardingView.swift */,
			);
			path = View;
			sourceTree = "<group>";
		};
		A54CD62F2A5C327200C434B7 /* ViewController */ = {
			isa = PBXGroup;
			children = (
				A54CD6302A5C328500C434B7 /* OnboardingViewController.swift */,
			);
			path = ViewController;
			sourceTree = "<group>";
		};
		A54CD6322A5C346500C434B7 /* Cells */ = {
			isa = PBXGroup;
			children = (
				A54CD6332A5C347100C434B7 /* OnboardingCell.swift */,
			);
			path = Cells;
			sourceTree = "<group>";
		};
		A58C70332A627CA900327CD3 /* Onboarding */ = {
			isa = PBXGroup;
			children = (
				A58C70342A627CC000327CD3 /* OnboardingDataModel.swift */,
			);
			path = Onboarding;
			sourceTree = "<group>";
		};
/* End PBXGroup section */

/* Begin PBXNativeTarget section */
		36012F0B2A55A9F4006B8A39 /* Uni */ = {
			isa = PBXNativeTarget;
			buildConfigurationList = 36012F202A55A9F6006B8A39 /* Build configuration list for PBXNativeTarget "Uni" */;
			buildPhases = (
				36012F082A55A9F4006B8A39 /* Sources */,
				36012F092A55A9F4006B8A39 /* Frameworks */,
				36012F0A2A55A9F4006B8A39 /* Resources */,
			);
			buildRules = (
			);
			dependencies = (
			);
			name = Uni;
			packageProductDependencies = (
				36012F552A55D06C006B8A39 /* SnapKit */,
				36012F582A55D07D006B8A39 /* Then */,
				36012F5B2A55D08E006B8A39 /* Alamofire */,
				36012F5E2A55D0A0006B8A39 /* Kingfisher */,
				36012F612A55D0F4006B8A39 /* Sentry */,
				36012F642A55D155006B8A39 /* KakaoSDK */,
				361FA3242A6012A600C3BBFD /* SDSKit */,
			);
			productName = Uni;
			productReference = 36012F0C2A55A9F4006B8A39 /* Uni.app */;
			productType = "com.apple.product-type.application";
		};
/* End PBXNativeTarget section */

/* Begin PBXProject section */
		36012F042A55A9F4006B8A39 /* Project object */ = {
			isa = PBXProject;
			attributes = {
				BuildIndependentTargetsInParallel = 1;
				LastSwiftUpdateCheck = 1430;
				LastUpgradeCheck = 1430;
				TargetAttributes = {
					36012F0B2A55A9F4006B8A39 = {
						CreatedOnToolsVersion = 14.3;
					};
				};
			};
			buildConfigurationList = 36012F072A55A9F4006B8A39 /* Build configuration list for PBXProject "Uni" */;
			compatibilityVersion = "Xcode 14.0";
			developmentRegion = en;
			hasScannedForEncodings = 0;
			knownRegions = (
				en,
				Base,
			);
			mainGroup = 36012F032A55A9F4006B8A39;
			packageReferences = (
				36012F542A55D06C006B8A39 /* XCRemoteSwiftPackageReference "SnapKit" */,
				36012F572A55D07D006B8A39 /* XCRemoteSwiftPackageReference "Then" */,
				36012F5A2A55D08E006B8A39 /* XCRemoteSwiftPackageReference "Alamofire" */,
				36012F5D2A55D0A0006B8A39 /* XCRemoteSwiftPackageReference "Kingfisher" */,
				36012F602A55D0F4006B8A39 /* XCRemoteSwiftPackageReference "sentry-cocoa" */,
				36012F632A55D155006B8A39 /* XCRemoteSwiftPackageReference "kakao-ios-sdk" */,
				361FA3232A6012A600C3BBFD /* XCRemoteSwiftPackageReference "iOS-SDS-United" */,
			);
			productRefGroup = 36012F0D2A55A9F4006B8A39 /* Products */;
			projectDirPath = "";
			projectRoot = "";
			targets = (
				36012F0B2A55A9F4006B8A39 /* Uni */,
			);
		};
/* End PBXProject section */

/* Begin PBXResourcesBuildPhase section */
		36012F0A2A55A9F4006B8A39 /* Resources */ = {
			isa = PBXResourcesBuildPhase;
			buildActionMask = 2147483647;
			files = (
				36012F1C2A55A9F6006B8A39 /* LaunchScreen.storyboard in Resources */,
				7E25F6522A6339E8003E82F6 /* Config.xcconfig in Resources */,
				36012F192A55A9F6006B8A39 /* Assets.xcassets in Resources */,
			);
			runOnlyForDeploymentPostprocessing = 0;
		};
/* End PBXResourcesBuildPhase section */

/* Begin PBXSourcesBuildPhase section */
		36012F082A55A9F4006B8A39 /* Sources */ = {
			isa = PBXSourcesBuildPhase;
			buildActionMask = 2147483647;
			files = (
				361FA3302A601D2E00C3BBFD /* GetService.swift in Sources */,
				7E25F64E2A6330C6003E82F6 /* WishCouponViewController.swift in Sources */,
				36012F382A55B18B006B8A39 /* BaseViewController.swift in Sources */,
				361FA3442A6029E400C3BBFD /* WishCoupon.swift in Sources */,
				36012F102A55A9F4006B8A39 /* AppDelegate.swift in Sources */,
				361FA3422A6027B400C3BBFD /* WishCouponList.swift in Sources */,
				36012F3E2A55B64C006B8A39 /* HomeDataModel.swift in Sources */,
				361FA3382A60223200C3BBFD /* HeaderUtils.swift in Sources */,
				361FA33F2A60261000C3BBFD /* ShortGame.swift in Sources */,
				36012F342A55AF4D006B8A39 /* HomeView.swift in Sources */,
				361FA3342A601EAA00C3BBFD /* PatchService.swift in Sources */,
				361FA3482A602A5C00C3BBFD /* RoundMission.swift in Sources */,
				36012F3B2A55B60F006B8A39 /* AuthRepository.swift in Sources */,
				361FA3522A602C0900C3BBFD /* Game.swift in Sources */,
				361FA33D2A6025E100C3BBFD /* Couple.swift in Sources */,
				361FA34C2A602ADD00C3BBFD /* MissionCategory.swift in Sources */,
				36012F122A55A9F4006B8A39 /* SceneDelegate.swift in Sources */,
				7E25F6502A6330EB003E82F6 /* WishCouponView.swift in Sources */,
				A54CD6312A5C328500C434B7 /* OnboardingViewController.swift in Sources */,
				36012F4D2A55CEF4006B8A39 /* UIButton+.swift in Sources */,
				A54CD6342A5C347100C434B7 /* OnboardingCell.swift in Sources */,
				361FA3282A60193B00C3BBFD /* HomeRepository.swift in Sources */,
				361FA3542A602C1C00C3BBFD /* RoundGameList.swift in Sources */,
				36012F492A55CE5D006B8A39 /* NSObject+.swift in Sources */,
				36012F4F2A55CF18006B8A39 /* UIStackView+.swift in Sources */,
				361FA32B2A601A4100C3BBFD /* Config.swift in Sources */,
				361FA34A2A602AC000C3BBFD /* MissionContent.swift in Sources */,
				36012F532A55CFAF006B8A39 /* UIViewController+.swift in Sources */,
				36012F512A55CF2D006B8A39 /* UIView+.swift in Sources */,
				36012F472A55CDEE006B8A39 /* Date+.swift in Sources */,
				361FA3502A602BF100C3BBFD /* UserGameHistoryList.swift in Sources */,
				361FA3322A601E7900C3BBFD /* PostService.swift in Sources */,
				36012F322A55AF16006B8A39 /* HomeViewController.swift in Sources */,
				361FA3462A602A2800C3BBFD /* MissionContentList.swift in Sources */,
				7E25F6542A633ACA003E82F6 /* WishCouponCountView.swift in Sources */,
				36012F4B2A55CE87006B8A39 /* String+.swift in Sources */,
				A54CD62E2A5C326E00C434B7 /* OnboardingView.swift in Sources */,
				A58C70352A627CC000327CD3 /* OnboardingDataModel.swift in Sources */,
				36012F452A55CDAA006B8A39 /* CGPoint+.swift in Sources */,
				361FA32E2A601D1B00C3BBFD /* NetworkResult.swift in Sources */,
				361FA34E2A602B5400C3BBFD /* MyRoundMission.swift in Sources */,
			);
			runOnlyForDeploymentPostprocessing = 0;
		};
/* End PBXSourcesBuildPhase section */

/* Begin PBXVariantGroup section */
		36012F1A2A55A9F6006B8A39 /* LaunchScreen.storyboard */ = {
			isa = PBXVariantGroup;
			children = (
				36012F1B2A55A9F6006B8A39 /* Base */,
			);
			name = LaunchScreen.storyboard;
			sourceTree = "<group>";
		};
/* End PBXVariantGroup section */

/* Begin XCBuildConfiguration section */
		36012F1E2A55A9F6006B8A39 /* Debug */ = {
			isa = XCBuildConfiguration;
			buildSettings = {
				ALWAYS_SEARCH_USER_PATHS = NO;
				BASE_URL = "http://uni-sparkle.kro.kr/";
				CLANG_ANALYZER_NONNULL = YES;
				CLANG_ANALYZER_NUMBER_OBJECT_CONVERSION = YES_AGGRESSIVE;
				CLANG_CXX_LANGUAGE_STANDARD = "gnu++20";
				CLANG_ENABLE_MODULES = YES;
				CLANG_ENABLE_OBJC_ARC = YES;
				CLANG_ENABLE_OBJC_WEAK = YES;
				CLANG_WARN_BLOCK_CAPTURE_AUTORELEASING = YES;
				CLANG_WARN_BOOL_CONVERSION = YES;
				CLANG_WARN_COMMA = YES;
				CLANG_WARN_CONSTANT_CONVERSION = YES;
				CLANG_WARN_DEPRECATED_OBJC_IMPLEMENTATIONS = YES;
				CLANG_WARN_DIRECT_OBJC_ISA_USAGE = YES_ERROR;
				CLANG_WARN_DOCUMENTATION_COMMENTS = YES;
				CLANG_WARN_EMPTY_BODY = YES;
				CLANG_WARN_ENUM_CONVERSION = YES;
				CLANG_WARN_INFINITE_RECURSION = YES;
				CLANG_WARN_INT_CONVERSION = YES;
				CLANG_WARN_NON_LITERAL_NULL_CONVERSION = YES;
				CLANG_WARN_OBJC_IMPLICIT_RETAIN_SELF = YES;
				CLANG_WARN_OBJC_LITERAL_CONVERSION = YES;
				CLANG_WARN_OBJC_ROOT_CLASS = YES_ERROR;
				CLANG_WARN_QUOTED_INCLUDE_IN_FRAMEWORK_HEADER = YES;
				CLANG_WARN_RANGE_LOOP_ANALYSIS = YES;
				CLANG_WARN_STRICT_PROTOTYPES = YES;
				CLANG_WARN_SUSPICIOUS_MOVE = YES;
				CLANG_WARN_UNGUARDED_AVAILABILITY = YES_AGGRESSIVE;
				CLANG_WARN_UNREACHABLE_CODE = YES;
				CLANG_WARN__DUPLICATE_METHOD_MATCH = YES;
				COPY_PHASE_STRIP = NO;
				DEBUG_INFORMATION_FORMAT = dwarf;
				ENABLE_STRICT_OBJC_MSGSEND = YES;
				ENABLE_TESTABILITY = YES;
				GCC_C_LANGUAGE_STANDARD = gnu11;
				GCC_DYNAMIC_NO_PIC = NO;
				GCC_NO_COMMON_BLOCKS = YES;
				GCC_OPTIMIZATION_LEVEL = 0;
				GCC_PREPROCESSOR_DEFINITIONS = (
					"DEBUG=1",
					"$(inherited)",
				);
				GCC_WARN_64_TO_32_BIT_CONVERSION = YES;
				GCC_WARN_ABOUT_RETURN_TYPE = YES_ERROR;
				GCC_WARN_UNDECLARED_SELECTOR = YES;
				GCC_WARN_UNINITIALIZED_AUTOS = YES_AGGRESSIVE;
				GCC_WARN_UNUSED_FUNCTION = YES;
				GCC_WARN_UNUSED_VARIABLE = YES;
				IPHONEOS_DEPLOYMENT_TARGET = 16.4;
				MTL_ENABLE_DEBUG_INFO = INCLUDE_SOURCE;
				MTL_FAST_MATH = YES;
				ONLY_ACTIVE_ARCH = YES;
				SDKROOT = iphoneos;
				SWIFT_ACTIVE_COMPILATION_CONDITIONS = DEBUG;
				SWIFT_OPTIMIZATION_LEVEL = "-Onone";
			};
			name = Debug;
		};
		36012F1F2A55A9F6006B8A39 /* Release */ = {
			isa = XCBuildConfiguration;
			buildSettings = {
				ALWAYS_SEARCH_USER_PATHS = NO;
				BASE_URL = "http://uni-sparkle.kro.kr/";
				CLANG_ANALYZER_NONNULL = YES;
				CLANG_ANALYZER_NUMBER_OBJECT_CONVERSION = YES_AGGRESSIVE;
				CLANG_CXX_LANGUAGE_STANDARD = "gnu++20";
				CLANG_ENABLE_MODULES = YES;
				CLANG_ENABLE_OBJC_ARC = YES;
				CLANG_ENABLE_OBJC_WEAK = YES;
				CLANG_WARN_BLOCK_CAPTURE_AUTORELEASING = YES;
				CLANG_WARN_BOOL_CONVERSION = YES;
				CLANG_WARN_COMMA = YES;
				CLANG_WARN_CONSTANT_CONVERSION = YES;
				CLANG_WARN_DEPRECATED_OBJC_IMPLEMENTATIONS = YES;
				CLANG_WARN_DIRECT_OBJC_ISA_USAGE = YES_ERROR;
				CLANG_WARN_DOCUMENTATION_COMMENTS = YES;
				CLANG_WARN_EMPTY_BODY = YES;
				CLANG_WARN_ENUM_CONVERSION = YES;
				CLANG_WARN_INFINITE_RECURSION = YES;
				CLANG_WARN_INT_CONVERSION = YES;
				CLANG_WARN_NON_LITERAL_NULL_CONVERSION = YES;
				CLANG_WARN_OBJC_IMPLICIT_RETAIN_SELF = YES;
				CLANG_WARN_OBJC_LITERAL_CONVERSION = YES;
				CLANG_WARN_OBJC_ROOT_CLASS = YES_ERROR;
				CLANG_WARN_QUOTED_INCLUDE_IN_FRAMEWORK_HEADER = YES;
				CLANG_WARN_RANGE_LOOP_ANALYSIS = YES;
				CLANG_WARN_STRICT_PROTOTYPES = YES;
				CLANG_WARN_SUSPICIOUS_MOVE = YES;
				CLANG_WARN_UNGUARDED_AVAILABILITY = YES_AGGRESSIVE;
				CLANG_WARN_UNREACHABLE_CODE = YES;
				CLANG_WARN__DUPLICATE_METHOD_MATCH = YES;
				COPY_PHASE_STRIP = NO;
				DEBUG_INFORMATION_FORMAT = "dwarf-with-dsym";
				ENABLE_NS_ASSERTIONS = NO;
				ENABLE_STRICT_OBJC_MSGSEND = YES;
				GCC_C_LANGUAGE_STANDARD = gnu11;
				GCC_NO_COMMON_BLOCKS = YES;
				GCC_WARN_64_TO_32_BIT_CONVERSION = YES;
				GCC_WARN_ABOUT_RETURN_TYPE = YES_ERROR;
				GCC_WARN_UNDECLARED_SELECTOR = YES;
				GCC_WARN_UNINITIALIZED_AUTOS = YES_AGGRESSIVE;
				GCC_WARN_UNUSED_FUNCTION = YES;
				GCC_WARN_UNUSED_VARIABLE = YES;
				IPHONEOS_DEPLOYMENT_TARGET = 16.4;
				MTL_ENABLE_DEBUG_INFO = NO;
				MTL_FAST_MATH = YES;
				SDKROOT = iphoneos;
				SWIFT_COMPILATION_MODE = wholemodule;
				SWIFT_OPTIMIZATION_LEVEL = "-O";
				VALIDATE_PRODUCT = YES;
			};
			name = Release;
		};
		36012F212A55A9F6006B8A39 /* Debug */ = {
			isa = XCBuildConfiguration;
			buildSettings = {
				ASSETCATALOG_COMPILER_APPICON_NAME = AppIcon;
				ASSETCATALOG_COMPILER_GLOBAL_ACCENT_COLOR_NAME = AccentColor;
				CODE_SIGN_STYLE = Automatic;
				CURRENT_PROJECT_VERSION = 1;
				DEVELOPMENT_TEAM = JB8T59WMFR;
				GENERATE_INFOPLIST_FILE = YES;
				INFOPLIST_FILE = Uni/Resource/Info.plist;
				INFOPLIST_KEY_CFBundleDisplayName = Uni;
				INFOPLIST_KEY_UIApplicationSupportsIndirectInputEvents = YES;
				INFOPLIST_KEY_UILaunchStoryboardName = LaunchScreen.storyboard;
				INFOPLIST_KEY_UISupportedInterfaceOrientations_iPad = "UIInterfaceOrientationPortrait UIInterfaceOrientationPortraitUpsideDown UIInterfaceOrientationLandscapeLeft UIInterfaceOrientationLandscapeRight";
				INFOPLIST_KEY_UISupportedInterfaceOrientations_iPhone = "UIInterfaceOrientationPortrait UIInterfaceOrientationLandscapeLeft UIInterfaceOrientationLandscapeRight";
				IPHONEOS_DEPLOYMENT_TARGET = 15.0;
				LD_RUNPATH_SEARCH_PATHS = (
					"$(inherited)",
					"@executable_path/Frameworks",
				);
				MARKETING_VERSION = 1.0;
				PRODUCT_BUNDLE_IDENTIFIER = com.universe.Uni;
				PRODUCT_NAME = "$(TARGET_NAME)";
				SUPPORTED_PLATFORMS = "iphoneos iphonesimulator";
				SUPPORTS_MACCATALYST = NO;
				SUPPORTS_MAC_DESIGNED_FOR_IPHONE_IPAD = YES;
				SWIFT_EMIT_LOC_STRINGS = YES;
				SWIFT_VERSION = 5.0;
				TARGETED_DEVICE_FAMILY = 1;
			};
			name = Debug;
		};
		36012F222A55A9F6006B8A39 /* Release */ = {
			isa = XCBuildConfiguration;
			buildSettings = {
				ASSETCATALOG_COMPILER_APPICON_NAME = AppIcon;
				ASSETCATALOG_COMPILER_GLOBAL_ACCENT_COLOR_NAME = AccentColor;
				CODE_SIGN_STYLE = Automatic;
				CURRENT_PROJECT_VERSION = 1;
				DEVELOPMENT_TEAM = JB8T59WMFR;
				GENERATE_INFOPLIST_FILE = YES;
				INFOPLIST_FILE = Uni/Resource/Info.plist;
				INFOPLIST_KEY_CFBundleDisplayName = Uni;
				INFOPLIST_KEY_UIApplicationSupportsIndirectInputEvents = YES;
				INFOPLIST_KEY_UILaunchStoryboardName = LaunchScreen.storyboard;
				INFOPLIST_KEY_UISupportedInterfaceOrientations_iPad = "UIInterfaceOrientationPortrait UIInterfaceOrientationPortraitUpsideDown UIInterfaceOrientationLandscapeLeft UIInterfaceOrientationLandscapeRight";
				INFOPLIST_KEY_UISupportedInterfaceOrientations_iPhone = "UIInterfaceOrientationPortrait UIInterfaceOrientationLandscapeLeft UIInterfaceOrientationLandscapeRight";
				IPHONEOS_DEPLOYMENT_TARGET = 15.0;
				LD_RUNPATH_SEARCH_PATHS = (
					"$(inherited)",
					"@executable_path/Frameworks",
				);
				MARKETING_VERSION = 1.0;
				PRODUCT_BUNDLE_IDENTIFIER = com.universe.Uni;
				PRODUCT_NAME = "$(TARGET_NAME)";
				SUPPORTED_PLATFORMS = "iphoneos iphonesimulator";
				SUPPORTS_MACCATALYST = NO;
				SUPPORTS_MAC_DESIGNED_FOR_IPHONE_IPAD = YES;
				SWIFT_EMIT_LOC_STRINGS = YES;
				SWIFT_VERSION = 5.0;
				TARGETED_DEVICE_FAMILY = 1;
			};
			name = Release;
		};
/* End XCBuildConfiguration section */

/* Begin XCConfigurationList section */
		36012F072A55A9F4006B8A39 /* Build configuration list for PBXProject "Uni" */ = {
			isa = XCConfigurationList;
			buildConfigurations = (
				36012F1E2A55A9F6006B8A39 /* Debug */,
				36012F1F2A55A9F6006B8A39 /* Release */,
			);
			defaultConfigurationIsVisible = 0;
			defaultConfigurationName = Release;
		};
		36012F202A55A9F6006B8A39 /* Build configuration list for PBXNativeTarget "Uni" */ = {
			isa = XCConfigurationList;
			buildConfigurations = (
				36012F212A55A9F6006B8A39 /* Debug */,
				36012F222A55A9F6006B8A39 /* Release */,
			);
			defaultConfigurationIsVisible = 0;
			defaultConfigurationName = Release;
		};
/* End XCConfigurationList section */

/* Begin XCRemoteSwiftPackageReference section */
		36012F542A55D06C006B8A39 /* XCRemoteSwiftPackageReference "SnapKit" */ = {
			isa = XCRemoteSwiftPackageReference;
			repositoryURL = "https://github.com/SnapKit/SnapKit";
			requirement = {
				kind = upToNextMajorVersion;
				minimumVersion = 5.0.0;
			};
		};
		36012F572A55D07D006B8A39 /* XCRemoteSwiftPackageReference "Then" */ = {
			isa = XCRemoteSwiftPackageReference;
			repositoryURL = "https://github.com/devxoul/Then";
			requirement = {
				kind = upToNextMajorVersion;
				minimumVersion = 3.0.0;
			};
		};
		36012F5A2A55D08E006B8A39 /* XCRemoteSwiftPackageReference "Alamofire" */ = {
			isa = XCRemoteSwiftPackageReference;
			repositoryURL = "https://github.com/Alamofire/Alamofire";
			requirement = {
				kind = upToNextMajorVersion;
				minimumVersion = 5.0.0;
			};
		};
		36012F5D2A55D0A0006B8A39 /* XCRemoteSwiftPackageReference "Kingfisher" */ = {
			isa = XCRemoteSwiftPackageReference;
			repositoryURL = "https://github.com/onevcat/Kingfisher";
			requirement = {
				kind = upToNextMajorVersion;
				minimumVersion = 7.0.0;
			};
		};
		36012F602A55D0F4006B8A39 /* XCRemoteSwiftPackageReference "sentry-cocoa" */ = {
			isa = XCRemoteSwiftPackageReference;
			repositoryURL = "https://github.com/getsentry/sentry-cocoa";
			requirement = {
				kind = upToNextMajorVersion;
				minimumVersion = 8.0.0;
			};
		};
		36012F632A55D155006B8A39 /* XCRemoteSwiftPackageReference "kakao-ios-sdk" */ = {
			isa = XCRemoteSwiftPackageReference;
			repositoryURL = "https://github.com/kakao/kakao-ios-sdk";
			requirement = {
				kind = upToNextMajorVersion;
				minimumVersion = 2.0.0;
			};
		};
		361FA3232A6012A600C3BBFD /* XCRemoteSwiftPackageReference "iOS-SDS-United" */ = {
			isa = XCRemoteSwiftPackageReference;
			repositoryURL = "https://github.com/U-is-Ni-in-Korea/iOS-SDS-United";
			requirement = {
				kind = upToNextMajorVersion;
				minimumVersion = 1.0.0;
			};
		};
/* End XCRemoteSwiftPackageReference section */

/* Begin XCSwiftPackageProductDependency section */
		36012F552A55D06C006B8A39 /* SnapKit */ = {
			isa = XCSwiftPackageProductDependency;
			package = 36012F542A55D06C006B8A39 /* XCRemoteSwiftPackageReference "SnapKit" */;
			productName = SnapKit;
		};
		36012F582A55D07D006B8A39 /* Then */ = {
			isa = XCSwiftPackageProductDependency;
			package = 36012F572A55D07D006B8A39 /* XCRemoteSwiftPackageReference "Then" */;
			productName = Then;
		};
		36012F5B2A55D08E006B8A39 /* Alamofire */ = {
			isa = XCSwiftPackageProductDependency;
			package = 36012F5A2A55D08E006B8A39 /* XCRemoteSwiftPackageReference "Alamofire" */;
			productName = Alamofire;
		};
		36012F5E2A55D0A0006B8A39 /* Kingfisher */ = {
			isa = XCSwiftPackageProductDependency;
			package = 36012F5D2A55D0A0006B8A39 /* XCRemoteSwiftPackageReference "Kingfisher" */;
			productName = Kingfisher;
		};
		36012F612A55D0F4006B8A39 /* Sentry */ = {
			isa = XCSwiftPackageProductDependency;
			package = 36012F602A55D0F4006B8A39 /* XCRemoteSwiftPackageReference "sentry-cocoa" */;
			productName = Sentry;
		};
		36012F642A55D155006B8A39 /* KakaoSDK */ = {
			isa = XCSwiftPackageProductDependency;
			package = 36012F632A55D155006B8A39 /* XCRemoteSwiftPackageReference "kakao-ios-sdk" */;
			productName = KakaoSDK;
		};
		361FA3242A6012A600C3BBFD /* SDSKit */ = {
			isa = XCSwiftPackageProductDependency;
			package = 361FA3232A6012A600C3BBFD /* XCRemoteSwiftPackageReference "iOS-SDS-United" */;
			productName = SDSKit;
		};
/* End XCSwiftPackageProductDependency section */
	};
	rootObject = 36012F042A55A9F4006B8A39 /* Project object */;
}
